
Microsoft Visual Studio Solution File, Format Version 12.00
# Visual Studio Version 16
VisualStudioVersion = 16.0.31321.278
MinimumVisualStudioVersion = 10.0.40219.1
Project("{8BC9CEB8-8B4A-11D0-8D11-00A0C91BC942}") = "all", "all.vcxproj", "{5339F39B-0A44-4248-972C-F8833B0F5537}"
	ProjectSection(ProjectDependencies) = postProject
		{B823D5B9-6B5A-4CC8-AF07-DDFE8C8E3488} = {B823D5B9-6B5A-4CC8-AF07-DDFE8C8E3488}
	EndProjectSection
EndProject
Project("{8BC9CEB8-8B4A-11D0-8D11-00A0C91BC942}") = "sdld", "sdas\linksrc\aslink.vcxproj", "{6E94DB45-345E-4697-98DA-6C72237D6ECA}"
EndProject
Project("{8BC9CEB8-8B4A-11D0-8D11-00A0C91BC942}") = "ds390", "src\ds390\ds390.vcxproj", "{14A8A991-BAD6-49EB-84FB-6F6CF12B436D}"
EndProject
Project("{8BC9CEB8-8B4A-11D0-8D11-00A0C91BC942}") = "hc08", "src\hc08\hc08.vcxproj", "{6FA87476-0FAB-4518-9845-12EFEBBCE03F}"
EndProject
Project("{8BC9CEB8-8B4A-11D0-8D11-00A0C91BC942}") = "makebin", "support\makebin\makebin.vcxproj", "{B823D5B9-6B5A-4CC8-AF07-DDFE8C8E3488}"
EndProject
Project("{8BC9CEB8-8B4A-11D0-8D11-00A0C91BC942}") = "mcs51", "src\mcs51\mcs51.vcxproj", "{9FACDB81-BE66-42D0-95F5-EA2FA3B09065}"
EndProject
Project("{8BC9CEB8-8B4A-11D0-8D11-00A0C91BC942}") = "packihx", "support\packihx\packihx.vcxproj", "{437B836F-BEE5-43B8-9821-4B0E5E328575}"
EndProject
Project("{8BC9CEB8-8B4A-11D0-8D11-00A0C91BC942}") = "pic16", "src\pic16\pic16.vcxproj", "{7E09A25E-1C9D-438D-85DB-8535F134890D}"
EndProject
Project("{8BC9CEB8-8B4A-11D0-8D11-00A0C91BC942}") = "sdcpp", "support\cpp\sdcpp.vcxproj", "{57BCB0F8-EF4A-4688-9B36-55A8F6DC93BF}"
EndProject
Project("{8BC9CEB8-8B4A-11D0-8D11-00A0C91BC942}") = "sdcc_orig", "src\sdcc.vcxproj", "{F9485499-151B-4886-935C-7D687C4A0549}"
	ProjectSection(ProjectDependencies) = postProject
		{0BA12B9F-BCD6-4C08-9992-69B4FB32D335} = {0BA12B9F-BCD6-4C08-9992-69B4FB32D335}
	EndProjectSection
EndProject
Project("{8BC9CEB8-8B4A-11D0-8D11-00A0C91BC942}") = "z80", "src\z80\z80.vcxproj", "{7444A72F-C7C6-4F90-9A62-2D46240B52DB}"
EndProject
Project("{8BC9CEB8-8B4A-11D0-8D11-00A0C91BC942}") = "pic14", "src\pic14\pic14.vcxproj", "{B96E942E-39F5-4C7C-97FD-A095DE6847C6}"
EndProject
Project("{8BC9CEB8-8B4A-11D0-8D11-00A0C91BC942}") = "sdcdb", "debugger\mcs51\sdcdb.vcxproj", "{76B78C5A-6B31-4BA1-9226-F1409B48F839}"
EndProject
Project("{8BC9CEB8-8B4A-11D0-8D11-00A0C91BC942}") = "stm8", "src\stm8\stm8.vcxproj", "{0BA12B9F-BCD6-4C08-9992-69B4FB32D335}"
EndProject
Project("{8BC9CEB8-8B4A-11D0-8D11-00A0C91BC942}") = "ucsim_all", "sim\ucsim\ucsim_all.vcxproj", "{CC304F9B-2629-49CE-8581-E86A5C79ED46}"
EndProject
Project("{8BC9CEB8-8B4A-11D0-8D11-00A0C91BC942}") = "ucsim_cmd", "sim\ucsim\cmd.src\ucsim_cmd.vcxproj", "{814BBC63-9739-4B2C-848B-6D5696EFFB03}"
EndProject
Project("{8BC9CEB8-8B4A-11D0-8D11-00A0C91BC942}") = "ucsim_s51", "sim\ucsim\s51.src\ucsim_s51.vcxproj", "{2738CE2B-D7E2-42D8-9415-0BB2751AB514}"
EndProject
Project("{8BC9CEB8-8B4A-11D0-8D11-00A0C91BC942}") = "ucsim_util", "sim\ucsim\ucsim_util.vcxproj", "{7764C152-5D81-467D-87A6-99E9A35E046F}"
EndProject
Project("{8BC9CEB8-8B4A-11D0-8D11-00A0C91BC942}") = "ucsim_sim", "sim\ucsim\sim.src\ucsim_sim.vcxproj", "{FF7556DF-EC6A-411A-8586-E4B508FD36F1}"
EndProject
Project("{8BC9CEB8-8B4A-11D0-8D11-00A0C91BC942}") = "ucsim_gui", "sim\ucsim\gui.src\ucsim_gui.vcxproj", "{E0AA7FA7-DA3D-45DD-8FC3-7E1C4E90D085}"
EndProject
Project("{2150E333-8FDC-42A3-9474-1A3956D46DE8}") = "simulator", "simulator", "{283B9BB2-B4E1-4BFC-9CDC-F3B02D1EE727}"
EndProject
Project("{2150E333-8FDC-42A3-9474-1A3956D46DE8}") = "compiler", "compiler", "{EDDAAD80-FAEB-43DE-9DA1-7D0CCEAD47E6}"
EndProject
Project("{2150E333-8FDC-42A3-9474-1A3956D46DE8}") = "assemblers", "assemblers", "{63F00239-370B-4AFA-B1C0-F1B4FD42961B}"
EndProject
Project("{8BC9CEB8-8B4A-11D0-8D11-00A0C91BC942}") = "sdcc_lib", "device\lib\sdcc_lib.vcxproj", "{39FE14BE-1943-443A-A6C3-83EBF968664C}"
EndProject
Project("{8BC9CEB8-8B4A-11D0-8D11-00A0C91BC942}") = "sdcc2", "src\sdcc2.vcxproj", "{141AA852-8660-4624-B3D2-0C57CE4E9194}"
EndProject
Project("{8BC9CEB8-8B4A-11D0-8D11-00A0C91BC942}") = "config", "config.vcxproj", "{4B94C77E-2FE8-4269-9FB5-6455E1049D94}"
EndProject
Project("{8BC9CEB8-8B4A-11D0-8D11-00A0C91BC942}") = "sdas390", "sdas\as8xcxxx\sdas390.vcxproj", "{A9548E03-2812-4970-9749-E6C436E8C410}"
EndProject
Project("{8BC9CEB8-8B4A-11D0-8D11-00A0C91BC942}") = "sdas6808", "sdas\as6808\sdas6808.vcxproj", "{0917D23D-A4C7-4AE1-8FE2-663E4BD94F41}"
EndProject
Project("{8BC9CEB8-8B4A-11D0-8D11-00A0C91BC942}") = "sdas8051", "sdas\as8051\sdas8051.vcxproj", "{397A11AC-C039-465A-865E-BDECE3389FF2}"
EndProject
Project("{8BC9CEB8-8B4A-11D0-8D11-00A0C91BC942}") = "makebin_", "support\makebin\makebin_.vcxproj", "{C97CEA8C-4E60-4830-A6EB-F6ADD12EF172}"
EndProject
Project("{8BC9CEB8-8B4A-11D0-8D11-00A0C91BC942}") = "packihx_", "support\packihx\packihx_.vcxproj", "{7FA31AB7-7D9E-4EF4-B8C0-B5D498E07EF7}"
EndProject
Project("{8BC9CEB8-8B4A-11D0-8D11-00A0C91BC942}") = "sdcdb_", "debugger\mcs51\sdcdb_.vcxproj", "{62B67AB4-1171-4DE5-9C6C-342B959139FD}"
EndProject
Project("{8BC9CEB8-8B4A-11D0-8D11-00A0C91BC942}") = "sdcpp_", "support\cpp\sdcpp_.vcxproj", "{2167F70A-F468-43CE-8B2C-347D73845CE6}"
EndProject
Project("{8BC9CEB8-8B4A-11D0-8D11-00A0C91BC942}") = "sdld_", "sdas\linksrc\sdld_.vcxproj", "{BFDB2E5C-81A7-439E-BA64-599E73FE0E3F}"
EndProject
Project("{8BC9CEB8-8B4A-11D0-8D11-00A0C91BC942}") = "sdasgb", "sdas\asgb\sdasgb.vcxproj", "{0D32A912-A58A-4A86-BA3E-B3CF4AE34DA2}"
EndProject
Project("{8BC9CEB8-8B4A-11D0-8D11-00A0C91BC942}") = "sdasrab", "sdas\asrab\sdasrab.vcxproj", "{EC7511AF-56DE-47D0-A358-95F6F34788FB}"
EndProject
Project("{8BC9CEB8-8B4A-11D0-8D11-00A0C91BC942}") = "sdasstm8", "sdas\asstm8\sdasstm8.vcxproj", "{3DDA7EE1-73D6-4AD2-98BE-00B108B883DA}"
EndProject
Project("{8BC9CEB8-8B4A-11D0-8D11-00A0C91BC942}") = "sdasz80", "sdas\asz80\sdasz80.vcxproj", "{3152F5FC-1314-4AED-820D-B4C78AA1B2DC}"
EndProject
Project("{8BC9CEB8-8B4A-11D0-8D11-00A0C91BC942}") = "ds390_", "src\ds390\ds390_.vcxproj", "{FDF0B3E3-4C4A-4D90-AA1A-3908489B74F3}"
EndProject
Project("{8BC9CEB8-8B4A-11D0-8D11-00A0C91BC942}") = "hc08_", "src\hc08\hc08_.vcxproj", "{872C3FBD-35A7-42A8-9D0D-D04481F2BEF7}"
EndProject
Project("{8BC9CEB8-8B4A-11D0-8D11-00A0C91BC942}") = "mcs51_", "src\mcs51\mcs51_.vcxproj", "{911EE9DB-A027-4D86-AB03-0A9F479C3E35}"
EndProject
Project("{8BC9CEB8-8B4A-11D0-8D11-00A0C91BC942}") = "z80_", "src\z80\z80_.vcxproj", "{61C0E439-AEAE-4B21-AA49-66334E4676BE}"
EndProject
Project("{8BC9CEB8-8B4A-11D0-8D11-00A0C91BC942}") = "stm8_", "src\stm8\stm8_.vcxproj", "{6014D879-C468-44CE-9F73-7217074876D4}"
EndProject
Project("{8BC9CEB8-8B4A-11D0-8D11-00A0C91BC942}") = "pic14_", "src\pic14\pic14_.vcxproj", "{CC8045ED-DA89-40C4-9C28-13CE2086711B}"
EndProject
Project("{8BC9CEB8-8B4A-11D0-8D11-00A0C91BC942}") = "pic16_", "src\pic16\pic16_.vcxproj", "{AC211807-F70B-48A2-A51E-0B0941AF39A5}"
EndProject
Project("{2150E333-8FDC-42A3-9474-1A3956D46DE8}") = "linker", "linker", "{5B940262-87D1-47C3-8321-6A3AAC79F9BB}"
EndProject
Project("{2150E333-8FDC-42A3-9474-1A3956D46DE8}") = "debugger", "debugger", "{EC3AA849-1A0B-4D6A-8C65-F2AD2C1CDA55}"
EndProject
Project("{2150E333-8FDC-42A3-9474-1A3956D46DE8}") = "tools", "tools", "{57BB31FD-74E5-4B82-9B9D-4D0216517A7E}"
EndProject
Project("{2150E333-8FDC-42A3-9474-1A3956D46DE8}") = "standard_library", "standard_library", "{D32595F7-DF2C-403D-8C9A-E1AD6ABCCE5C}"
EndProject
Project("{8BC9CEB8-8B4A-11D0-8D11-00A0C91BC942}") = "sdastlcs90", "sdas\astlcs90\sdastlcs90.vcxproj", "{D0687F7A-663E-45BD-ABF6-AF40ACC021D5}"
EndProject
Global
	GlobalSection(SolutionConfigurationPlatforms) = preSolution
		Debug|Win32 = Debug|Win32
		Debug|x64 = Debug|x64
		Release|Win32 = Release|Win32
		Release|x64 = Release|x64
	EndGlobalSection
	GlobalSection(ProjectConfigurationPlatforms) = postSolution
		{5339F39B-0A44-4248-972C-F8833B0F5537}.Debug|Win32.ActiveCfg = Debug|Win32
		{5339F39B-0A44-4248-972C-F8833B0F5537}.Debug|Win32.Build.0 = Debug|Win32
		{5339F39B-0A44-4248-972C-F8833B0F5537}.Debug|x64.ActiveCfg = Debug|Win32
		{5339F39B-0A44-4248-972C-F8833B0F5537}.Release|Win32.ActiveCfg = Release|Win32
		{5339F39B-0A44-4248-972C-F8833B0F5537}.Release|Win32.Build.0 = Release|Win32
		{5339F39B-0A44-4248-972C-F8833B0F5537}.Release|x64.ActiveCfg = Release|Win32
		{6E94DB45-345E-4697-98DA-6C72237D6ECA}.Debug|Win32.ActiveCfg = Debug|Win32
		{6E94DB45-345E-4697-98DA-6C72237D6ECA}.Debug|Win32.Build.0 = Debug|Win32
		{6E94DB45-345E-4697-98DA-6C72237D6ECA}.Debug|x64.ActiveCfg = Debug|Win32
		{6E94DB45-345E-4697-98DA-6C72237D6ECA}.Release|Win32.ActiveCfg = Release|Win32
		{6E94DB45-345E-4697-98DA-6C72237D6ECA}.Release|Win32.Build.0 = Release|Win32
		{6E94DB45-345E-4697-98DA-6C72237D6ECA}.Release|x64.ActiveCfg = Release|Win32
		{14A8A991-BAD6-49EB-84FB-6F6CF12B436D}.Debug|Win32.ActiveCfg = Debug|Win32
		{14A8A991-BAD6-49EB-84FB-6F6CF12B436D}.Debug|Win32.Build.0 = Debug|Win32
		{14A8A991-BAD6-49EB-84FB-6F6CF12B436D}.Debug|x64.ActiveCfg = Debug|Win32
		{14A8A991-BAD6-49EB-84FB-6F6CF12B436D}.Release|Win32.ActiveCfg = Release|Win32
		{14A8A991-BAD6-49EB-84FB-6F6CF12B436D}.Release|Win32.Build.0 = Release|Win32
		{14A8A991-BAD6-49EB-84FB-6F6CF12B436D}.Release|x64.ActiveCfg = Release|Win32
		{6FA87476-0FAB-4518-9845-12EFEBBCE03F}.Debug|Win32.ActiveCfg = Debug|Win32
		{6FA87476-0FAB-4518-9845-12EFEBBCE03F}.Debug|Win32.Build.0 = Debug|Win32
		{6FA87476-0FAB-4518-9845-12EFEBBCE03F}.Debug|x64.ActiveCfg = Debug|Win32
		{6FA87476-0FAB-4518-9845-12EFEBBCE03F}.Release|Win32.ActiveCfg = Release|Win32
		{6FA87476-0FAB-4518-9845-12EFEBBCE03F}.Release|Win32.Build.0 = Release|Win32
		{6FA87476-0FAB-4518-9845-12EFEBBCE03F}.Release|x64.ActiveCfg = Release|Win32
		{B823D5B9-6B5A-4CC8-AF07-DDFE8C8E3488}.Debug|Win32.ActiveCfg = Debug|Win32
		{B823D5B9-6B5A-4CC8-AF07-DDFE8C8E3488}.Debug|Win32.Build.0 = Debug|Win32
		{B823D5B9-6B5A-4CC8-AF07-DDFE8C8E3488}.Debug|x64.ActiveCfg = Debug|Win32
		{B823D5B9-6B5A-4CC8-AF07-DDFE8C8E3488}.Release|Win32.ActiveCfg = Release|Win32
		{B823D5B9-6B5A-4CC8-AF07-DDFE8C8E3488}.Release|Win32.Build.0 = Release|Win32
		{B823D5B9-6B5A-4CC8-AF07-DDFE8C8E3488}.Release|x64.ActiveCfg = Release|Win32
		{9FACDB81-BE66-42D0-95F5-EA2FA3B09065}.Debug|Win32.ActiveCfg = Debug|Win32
		{9FACDB81-BE66-42D0-95F5-EA2FA3B09065}.Debug|Win32.Build.0 = Debug|Win32
		{9FACDB81-BE66-42D0-95F5-EA2FA3B09065}.Debug|x64.ActiveCfg = Debug|Win32
		{9FACDB81-BE66-42D0-95F5-EA2FA3B09065}.Release|Win32.ActiveCfg = Release|Win32
		{9FACDB81-BE66-42D0-95F5-EA2FA3B09065}.Release|Win32.Build.0 = Release|Win32
		{9FACDB81-BE66-42D0-95F5-EA2FA3B09065}.Release|x64.ActiveCfg = Release|Win32
		{437B836F-BEE5-43B8-9821-4B0E5E328575}.Debug|Win32.ActiveCfg = Debug|Win32
		{437B836F-BEE5-43B8-9821-4B0E5E328575}.Debug|Win32.Build.0 = Debug|Win32
		{437B836F-BEE5-43B8-9821-4B0E5E328575}.Debug|x64.ActiveCfg = Debug|Win32
		{437B836F-BEE5-43B8-9821-4B0E5E328575}.Release|Win32.ActiveCfg = Release|Win32
		{437B836F-BEE5-43B8-9821-4B0E5E328575}.Release|Win32.Build.0 = Release|Win32
		{437B836F-BEE5-43B8-9821-4B0E5E328575}.Release|x64.ActiveCfg = Release|Win32
		{7E09A25E-1C9D-438D-85DB-8535F134890D}.Debug|Win32.ActiveCfg = Debug|Win32
		{7E09A25E-1C9D-438D-85DB-8535F134890D}.Debug|Win32.Build.0 = Debug|Win32
		{7E09A25E-1C9D-438D-85DB-8535F134890D}.Debug|x64.ActiveCfg = Debug|Win32
		{7E09A25E-1C9D-438D-85DB-8535F134890D}.Release|Win32.ActiveCfg = Release|Win32
		{7E09A25E-1C9D-438D-85DB-8535F134890D}.Release|Win32.Build.0 = Release|Win32
		{7E09A25E-1C9D-438D-85DB-8535F134890D}.Release|x64.ActiveCfg = Release|Win32
		{57BCB0F8-EF4A-4688-9B36-55A8F6DC93BF}.Debug|Win32.ActiveCfg = Debug|Win32
		{57BCB0F8-EF4A-4688-9B36-55A8F6DC93BF}.Debug|Win32.Build.0 = Debug|Win32
		{57BCB0F8-EF4A-4688-9B36-55A8F6DC93BF}.Debug|x64.ActiveCfg = Debug|Win32
		{57BCB0F8-EF4A-4688-9B36-55A8F6DC93BF}.Release|Win32.ActiveCfg = Release|Win32
		{57BCB0F8-EF4A-4688-9B36-55A8F6DC93BF}.Release|Win32.Build.0 = Release|Win32
		{57BCB0F8-EF4A-4688-9B36-55A8F6DC93BF}.Release|x64.ActiveCfg = Release|Win32
		{F9485499-151B-4886-935C-7D687C4A0549}.Debug|Win32.ActiveCfg = Debug|Win32
		{F9485499-151B-4886-935C-7D687C4A0549}.Debug|Win32.Build.0 = Debug|Win32
		{F9485499-151B-4886-935C-7D687C4A0549}.Debug|x64.ActiveCfg = Debug|Win32
		{F9485499-151B-4886-935C-7D687C4A0549}.Release|Win32.ActiveCfg = Release|Win32
		{F9485499-151B-4886-935C-7D687C4A0549}.Release|Win32.Build.0 = Release|Win32
		{F9485499-151B-4886-935C-7D687C4A0549}.Release|x64.ActiveCfg = Release|Win32
		{7444A72F-C7C6-4F90-9A62-2D46240B52DB}.Debug|Win32.ActiveCfg = Debug|Win32
		{7444A72F-C7C6-4F90-9A62-2D46240B52DB}.Debug|Win32.Build.0 = Debug|Win32
		{7444A72F-C7C6-4F90-9A62-2D46240B52DB}.Debug|x64.ActiveCfg = Debug|Win32
		{7444A72F-C7C6-4F90-9A62-2D46240B52DB}.Release|Win32.ActiveCfg = Release|Win32
		{7444A72F-C7C6-4F90-9A62-2D46240B52DB}.Release|Win32.Build.0 = Release|Win32
		{7444A72F-C7C6-4F90-9A62-2D46240B52DB}.Release|x64.ActiveCfg = Release|Win32
		{B96E942E-39F5-4C7C-97FD-A095DE6847C6}.Debug|Win32.ActiveCfg = Debug|Win32
		{B96E942E-39F5-4C7C-97FD-A095DE6847C6}.Debug|Win32.Build.0 = Debug|Win32
		{B96E942E-39F5-4C7C-97FD-A095DE6847C6}.Debug|x64.ActiveCfg = Debug|Win32
		{B96E942E-39F5-4C7C-97FD-A095DE6847C6}.Release|Win32.ActiveCfg = Release|Win32
		{B96E942E-39F5-4C7C-97FD-A095DE6847C6}.Release|Win32.Build.0 = Release|Win32
		{B96E942E-39F5-4C7C-97FD-A095DE6847C6}.Release|x64.ActiveCfg = Release|Win32
		{76B78C5A-6B31-4BA1-9226-F1409B48F839}.Debug|Win32.ActiveCfg = Debug|Win32
		{76B78C5A-6B31-4BA1-9226-F1409B48F839}.Debug|Win32.Build.0 = Debug|Win32
		{76B78C5A-6B31-4BA1-9226-F1409B48F839}.Debug|x64.ActiveCfg = Debug|Win32
		{76B78C5A-6B31-4BA1-9226-F1409B48F839}.Release|Win32.ActiveCfg = Release|Win32
		{76B78C5A-6B31-4BA1-9226-F1409B48F839}.Release|Win32.Build.0 = Release|Win32
		{76B78C5A-6B31-4BA1-9226-F1409B48F839}.Release|x64.ActiveCfg = Release|Win32
		{0BA12B9F-BCD6-4C08-9992-69B4FB32D335}.Debug|Win32.ActiveCfg = Debug|Win32
		{0BA12B9F-BCD6-4C08-9992-69B4FB32D335}.Debug|Win32.Build.0 = Debug|Win32
		{0BA12B9F-BCD6-4C08-9992-69B4FB32D335}.Debug|x64.ActiveCfg = Debug|Win32
		{0BA12B9F-BCD6-4C08-9992-69B4FB32D335}.Release|Win32.ActiveCfg = Release|Win32
		{0BA12B9F-BCD6-4C08-9992-69B4FB32D335}.Release|Win32.Build.0 = Release|Win32
		{0BA12B9F-BCD6-4C08-9992-69B4FB32D335}.Release|x64.ActiveCfg = Release|Win32
		{CC304F9B-2629-49CE-8581-E86A5C79ED46}.Debug|Win32.ActiveCfg = Debug|Win32
		{CC304F9B-2629-49CE-8581-E86A5C79ED46}.Debug|Win32.Build.0 = Debug|Win32
		{CC304F9B-2629-49CE-8581-E86A5C79ED46}.Debug|x64.ActiveCfg = Debug|x64
		{CC304F9B-2629-49CE-8581-E86A5C79ED46}.Debug|x64.Build.0 = Debug|x64
		{CC304F9B-2629-49CE-8581-E86A5C79ED46}.Release|Win32.ActiveCfg = Release|Win32
		{CC304F9B-2629-49CE-8581-E86A5C79ED46}.Release|Win32.Build.0 = Release|Win32
		{CC304F9B-2629-49CE-8581-E86A5C79ED46}.Release|x64.ActiveCfg = Release|x64
		{CC304F9B-2629-49CE-8581-E86A5C79ED46}.Release|x64.Build.0 = Release|x64
		{814BBC63-9739-4B2C-848B-6D5696EFFB03}.Debug|Win32.ActiveCfg = Debug|Win32
		{814BBC63-9739-4B2C-848B-6D5696EFFB03}.Debug|Win32.Build.0 = Debug|Win32
		{814BBC63-9739-4B2C-848B-6D5696EFFB03}.Debug|x64.ActiveCfg = Debug|x64
		{814BBC63-9739-4B2C-848B-6D5696EFFB03}.Debug|x64.Build.0 = Debug|x64
		{814BBC63-9739-4B2C-848B-6D5696EFFB03}.Release|Win32.ActiveCfg = Release|Win32
		{814BBC63-9739-4B2C-848B-6D5696EFFB03}.Release|Win32.Build.0 = Release|Win32
		{814BBC63-9739-4B2C-848B-6D5696EFFB03}.Release|x64.ActiveCfg = Release|x64
		{814BBC63-9739-4B2C-848B-6D5696EFFB03}.Release|x64.Build.0 = Release|x64
		{2738CE2B-D7E2-42D8-9415-0BB2751AB514}.Debug|Win32.ActiveCfg = Debug|Win32
		{2738CE2B-D7E2-42D8-9415-0BB2751AB514}.Debug|Win32.Build.0 = Debug|Win32
		{2738CE2B-D7E2-42D8-9415-0BB2751AB514}.Debug|x64.ActiveCfg = Debug|x64
		{2738CE2B-D7E2-42D8-9415-0BB2751AB514}.Debug|x64.Build.0 = Debug|x64
		{2738CE2B-D7E2-42D8-9415-0BB2751AB514}.Release|Win32.ActiveCfg = Release|Win32
		{2738CE2B-D7E2-42D8-9415-0BB2751AB514}.Release|Win32.Build.0 = Release|Win32
		{2738CE2B-D7E2-42D8-9415-0BB2751AB514}.Release|x64.ActiveCfg = Release|x64
		{2738CE2B-D7E2-42D8-9415-0BB2751AB514}.Release|x64.Build.0 = Release|x64
		{7764C152-5D81-467D-87A6-99E9A35E046F}.Debug|Win32.ActiveCfg = Debug|Win32
		{7764C152-5D81-467D-87A6-99E9A35E046F}.Debug|Win32.Build.0 = Debug|Win32
		{7764C152-5D81-467D-87A6-99E9A35E046F}.Debug|x64.ActiveCfg = Debug|x64
		{7764C152-5D81-467D-87A6-99E9A35E046F}.Debug|x64.Build.0 = Debug|x64
		{7764C152-5D81-467D-87A6-99E9A35E046F}.Release|Win32.ActiveCfg = Release|Win32
		{7764C152-5D81-467D-87A6-99E9A35E046F}.Release|Win32.Build.0 = Release|Win32
		{7764C152-5D81-467D-87A6-99E9A35E046F}.Release|x64.ActiveCfg = Release|x64
		{7764C152-5D81-467D-87A6-99E9A35E046F}.Release|x64.Build.0 = Release|x64
		{FF7556DF-EC6A-411A-8586-E4B508FD36F1}.Debug|Win32.ActiveCfg = Debug|Win32
		{FF7556DF-EC6A-411A-8586-E4B508FD36F1}.Debug|Win32.Build.0 = Debug|Win32
		{FF7556DF-EC6A-411A-8586-E4B508FD36F1}.Debug|x64.ActiveCfg = Debug|x64
		{FF7556DF-EC6A-411A-8586-E4B508FD36F1}.Debug|x64.Build.0 = Debug|x64
		{FF7556DF-EC6A-411A-8586-E4B508FD36F1}.Release|Win32.ActiveCfg = Release|Win32
		{FF7556DF-EC6A-411A-8586-E4B508FD36F1}.Release|Win32.Build.0 = Release|Win32
		{FF7556DF-EC6A-411A-8586-E4B508FD36F1}.Release|x64.ActiveCfg = Release|x64
		{FF7556DF-EC6A-411A-8586-E4B508FD36F1}.Release|x64.Build.0 = Release|x64
		{E0AA7FA7-DA3D-45DD-8FC3-7E1C4E90D085}.Debug|Win32.ActiveCfg = Debug|Win32
		{E0AA7FA7-DA3D-45DD-8FC3-7E1C4E90D085}.Debug|Win32.Build.0 = Debug|Win32
		{E0AA7FA7-DA3D-45DD-8FC3-7E1C4E90D085}.Debug|x64.ActiveCfg = Debug|x64
		{E0AA7FA7-DA3D-45DD-8FC3-7E1C4E90D085}.Debug|x64.Build.0 = Debug|x64
		{E0AA7FA7-DA3D-45DD-8FC3-7E1C4E90D085}.Release|Win32.ActiveCfg = Release|Win32
		{E0AA7FA7-DA3D-45DD-8FC3-7E1C4E90D085}.Release|Win32.Build.0 = Release|Win32
		{E0AA7FA7-DA3D-45DD-8FC3-7E1C4E90D085}.Release|x64.ActiveCfg = Release|x64
		{E0AA7FA7-DA3D-45DD-8FC3-7E1C4E90D085}.Release|x64.Build.0 = Release|x64
		{39FE14BE-1943-443A-A6C3-83EBF968664C}.Debug|Win32.ActiveCfg = Debug|Win32
		{39FE14BE-1943-443A-A6C3-83EBF968664C}.Debug|Win32.Build.0 = Debug|Win32
		{39FE14BE-1943-443A-A6C3-83EBF968664C}.Debug|x64.ActiveCfg = Debug|x64
		{39FE14BE-1943-443A-A6C3-83EBF968664C}.Debug|x64.Build.0 = Debug|x64
		{39FE14BE-1943-443A-A6C3-83EBF968664C}.Release|Win32.ActiveCfg = Release|Win32
		{39FE14BE-1943-443A-A6C3-83EBF968664C}.Release|Win32.Build.0 = Release|Win32
		{39FE14BE-1943-443A-A6C3-83EBF968664C}.Release|x64.ActiveCfg = Release|x64
		{39FE14BE-1943-443A-A6C3-83EBF968664C}.Release|x64.Build.0 = Release|x64
		{141AA852-8660-4624-B3D2-0C57CE4E9194}.Debug|Win32.ActiveCfg = Debug|Win32
		{141AA852-8660-4624-B3D2-0C57CE4E9194}.Debug|Win32.Build.0 = Debug|Win32
		{141AA852-8660-4624-B3D2-0C57CE4E9194}.Debug|x64.ActiveCfg = Debug|x64
		{141AA852-8660-4624-B3D2-0C57CE4E9194}.Debug|x64.Build.0 = Debug|x64
		{141AA852-8660-4624-B3D2-0C57CE4E9194}.Release|Win32.ActiveCfg = Release|Win32
		{141AA852-8660-4624-B3D2-0C57CE4E9194}.Release|Win32.Build.0 = Release|Win32
		{141AA852-8660-4624-B3D2-0C57CE4E9194}.Release|x64.ActiveCfg = Release|x64
		{141AA852-8660-4624-B3D2-0C57CE4E9194}.Release|x64.Build.0 = Release|x64
		{4B94C77E-2FE8-4269-9FB5-6455E1049D94}.Debug|Win32.ActiveCfg = Debug|Win32
		{4B94C77E-2FE8-4269-9FB5-6455E1049D94}.Debug|Win32.Build.0 = Debug|Win32
		{4B94C77E-2FE8-4269-9FB5-6455E1049D94}.Debug|x64.ActiveCfg = Debug|x64
		{4B94C77E-2FE8-4269-9FB5-6455E1049D94}.Debug|x64.Build.0 = Debug|x64
		{4B94C77E-2FE8-4269-9FB5-6455E1049D94}.Release|Win32.ActiveCfg = Release|Win32
		{4B94C77E-2FE8-4269-9FB5-6455E1049D94}.Release|Win32.Build.0 = Release|Win32
		{4B94C77E-2FE8-4269-9FB5-6455E1049D94}.Release|x64.ActiveCfg = Release|x64
		{4B94C77E-2FE8-4269-9FB5-6455E1049D94}.Release|x64.Build.0 = Release|x64
		{A9548E03-2812-4970-9749-E6C436E8C410}.Debug|Win32.ActiveCfg = Debug|Win32
		{A9548E03-2812-4970-9749-E6C436E8C410}.Debug|Win32.Build.0 = Debug|Win32
		{A9548E03-2812-4970-9749-E6C436E8C410}.Debug|x64.ActiveCfg = Debug|x64
		{A9548E03-2812-4970-9749-E6C436E8C410}.Debug|x64.Build.0 = Debug|x64
		{A9548E03-2812-4970-9749-E6C436E8C410}.Release|Win32.ActiveCfg = Release|Win32
		{A9548E03-2812-4970-9749-E6C436E8C410}.Release|Win32.Build.0 = Release|Win32
		{A9548E03-2812-4970-9749-E6C436E8C410}.Release|x64.ActiveCfg = Release|x64
		{A9548E03-2812-4970-9749-E6C436E8C410}.Release|x64.Build.0 = Release|x64
		{0917D23D-A4C7-4AE1-8FE2-663E4BD94F41}.Debug|Win32.ActiveCfg = Debug|Win32
		{0917D23D-A4C7-4AE1-8FE2-663E4BD94F41}.Debug|Win32.Build.0 = Debug|Win32
		{0917D23D-A4C7-4AE1-8FE2-663E4BD94F41}.Debug|x64.ActiveCfg = Debug|x64
		{0917D23D-A4C7-4AE1-8FE2-663E4BD94F41}.Debug|x64.Build.0 = Debug|x64
		{0917D23D-A4C7-4AE1-8FE2-663E4BD94F41}.Release|Win32.ActiveCfg = Release|Win32
		{0917D23D-A4C7-4AE1-8FE2-663E4BD94F41}.Release|Win32.Build.0 = Release|Win32
		{0917D23D-A4C7-4AE1-8FE2-663E4BD94F41}.Release|x64.ActiveCfg = Release|x64
		{0917D23D-A4C7-4AE1-8FE2-663E4BD94F41}.Release|x64.Build.0 = Release|x64
		{397A11AC-C039-465A-865E-BDECE3389FF2}.Debug|Win32.ActiveCfg = Debug|Win32
		{397A11AC-C039-465A-865E-BDECE3389FF2}.Debug|Win32.Build.0 = Debug|Win32
		{397A11AC-C039-465A-865E-BDECE3389FF2}.Debug|x64.ActiveCfg = Debug|x64
		{397A11AC-C039-465A-865E-BDECE3389FF2}.Debug|x64.Build.0 = Debug|x64
		{397A11AC-C039-465A-865E-BDECE3389FF2}.Release|Win32.ActiveCfg = Release|Win32
		{397A11AC-C039-465A-865E-BDECE3389FF2}.Release|Win32.Build.0 = Release|Win32
		{397A11AC-C039-465A-865E-BDECE3389FF2}.Release|x64.ActiveCfg = Release|x64
		{397A11AC-C039-465A-865E-BDECE3389FF2}.Release|x64.Build.0 = Release|x64
		{C97CEA8C-4E60-4830-A6EB-F6ADD12EF172}.Debug|Win32.ActiveCfg = Debug|Win32
		{C97CEA8C-4E60-4830-A6EB-F6ADD12EF172}.Debug|Win32.Build.0 = Debug|Win32
		{C97CEA8C-4E60-4830-A6EB-F6ADD12EF172}.Debug|x64.ActiveCfg = Debug|x64
		{C97CEA8C-4E60-4830-A6EB-F6ADD12EF172}.Debug|x64.Build.0 = Debug|x64
		{C97CEA8C-4E60-4830-A6EB-F6ADD12EF172}.Release|Win32.ActiveCfg = Release|Win32
		{C97CEA8C-4E60-4830-A6EB-F6ADD12EF172}.Release|Win32.Build.0 = Release|Win32
		{C97CEA8C-4E60-4830-A6EB-F6ADD12EF172}.Release|x64.ActiveCfg = Release|x64
		{C97CEA8C-4E60-4830-A6EB-F6ADD12EF172}.Release|x64.Build.0 = Release|x64
		{7FA31AB7-7D9E-4EF4-B8C0-B5D498E07EF7}.Debug|Win32.ActiveCfg = Debug|Win32
		{7FA31AB7-7D9E-4EF4-B8C0-B5D498E07EF7}.Debug|Win32.Build.0 = Debug|Win32
		{7FA31AB7-7D9E-4EF4-B8C0-B5D498E07EF7}.Debug|x64.ActiveCfg = Debug|x64
		{7FA31AB7-7D9E-4EF4-B8C0-B5D498E07EF7}.Debug|x64.Build.0 = Debug|x64
		{7FA31AB7-7D9E-4EF4-B8C0-B5D498E07EF7}.Release|Win32.ActiveCfg = Release|Win32
		{7FA31AB7-7D9E-4EF4-B8C0-B5D498E07EF7}.Release|Win32.Build.0 = Release|Win32
		{7FA31AB7-7D9E-4EF4-B8C0-B5D498E07EF7}.Release|x64.ActiveCfg = Release|x64
		{7FA31AB7-7D9E-4EF4-B8C0-B5D498E07EF7}.Release|x64.Build.0 = Release|x64
		{62B67AB4-1171-4DE5-9C6C-342B959139FD}.Debug|Win32.ActiveCfg = Debug|Win32
		{62B67AB4-1171-4DE5-9C6C-342B959139FD}.Debug|Win32.Build.0 = Debug|Win32
		{62B67AB4-1171-4DE5-9C6C-342B959139FD}.Debug|x64.ActiveCfg = Debug|x64
		{62B67AB4-1171-4DE5-9C6C-342B959139FD}.Debug|x64.Build.0 = Debug|x64
		{62B67AB4-1171-4DE5-9C6C-342B959139FD}.Release|Win32.ActiveCfg = Release|Win32
		{62B67AB4-1171-4DE5-9C6C-342B959139FD}.Release|Win32.Build.0 = Release|Win32
		{62B67AB4-1171-4DE5-9C6C-342B959139FD}.Release|x64.ActiveCfg = Release|x64
		{62B67AB4-1171-4DE5-9C6C-342B959139FD}.Release|x64.Build.0 = Release|x64
		{2167F70A-F468-43CE-8B2C-347D73845CE6}.Debug|Win32.ActiveCfg = Debug|Win32
		{2167F70A-F468-43CE-8B2C-347D73845CE6}.Debug|Win32.Build.0 = Debug|Win32
		{2167F70A-F468-43CE-8B2C-347D73845CE6}.Debug|x64.ActiveCfg = Debug|x64
		{2167F70A-F468-43CE-8B2C-347D73845CE6}.Debug|x64.Build.0 = Debug|x64
		{2167F70A-F468-43CE-8B2C-347D73845CE6}.Release|Win32.ActiveCfg = Release|Win32
		{2167F70A-F468-43CE-8B2C-347D73845CE6}.Release|Win32.Build.0 = Release|Win32
		{2167F70A-F468-43CE-8B2C-347D73845CE6}.Release|x64.ActiveCfg = Release|x64
		{2167F70A-F468-43CE-8B2C-347D73845CE6}.Release|x64.Build.0 = Release|x64
		{BFDB2E5C-81A7-439E-BA64-599E73FE0E3F}.Debug|Win32.ActiveCfg = Debug|Win32
		{BFDB2E5C-81A7-439E-BA64-599E73FE0E3F}.Debug|Win32.Build.0 = Debug|Win32
		{BFDB2E5C-81A7-439E-BA64-599E73FE0E3F}.Debug|x64.ActiveCfg = Debug|x64
		{BFDB2E5C-81A7-439E-BA64-599E73FE0E3F}.Debug|x64.Build.0 = Debug|x64
		{BFDB2E5C-81A7-439E-BA64-599E73FE0E3F}.Release|Win32.ActiveCfg = Release|Win32
		{BFDB2E5C-81A7-439E-BA64-599E73FE0E3F}.Release|Win32.Build.0 = Release|Win32
		{BFDB2E5C-81A7-439E-BA64-599E73FE0E3F}.Release|x64.ActiveCfg = Release|x64
		{BFDB2E5C-81A7-439E-BA64-599E73FE0E3F}.Release|x64.Build.0 = Release|x64
		{0D32A912-A58A-4A86-BA3E-B3CF4AE34DA2}.Debug|Win32.ActiveCfg = Debug|Win32
		{0D32A912-A58A-4A86-BA3E-B3CF4AE34DA2}.Debug|Win32.Build.0 = Debug|Win32
		{0D32A912-A58A-4A86-BA3E-B3CF4AE34DA2}.Debug|x64.ActiveCfg = Debug|x64
		{0D32A912-A58A-4A86-BA3E-B3CF4AE34DA2}.Debug|x64.Build.0 = Debug|x64
		{0D32A912-A58A-4A86-BA3E-B3CF4AE34DA2}.Release|Win32.ActiveCfg = Release|Win32
		{0D32A912-A58A-4A86-BA3E-B3CF4AE34DA2}.Release|Win32.Build.0 = Release|Win32
		{0D32A912-A58A-4A86-BA3E-B3CF4AE34DA2}.Release|x64.ActiveCfg = Release|x64
		{0D32A912-A58A-4A86-BA3E-B3CF4AE34DA2}.Release|x64.Build.0 = Release|x64
		{EC7511AF-56DE-47D0-A358-95F6F34788FB}.Debug|Win32.ActiveCfg = Debug|Win32
		{EC7511AF-56DE-47D0-A358-95F6F34788FB}.Debug|Win32.Build.0 = Debug|Win32
		{EC7511AF-56DE-47D0-A358-95F6F34788FB}.Debug|x64.ActiveCfg = Debug|x64
		{EC7511AF-56DE-47D0-A358-95F6F34788FB}.Debug|x64.Build.0 = Debug|x64
		{EC7511AF-56DE-47D0-A358-95F6F34788FB}.Release|Win32.ActiveCfg = Release|Win32
		{EC7511AF-56DE-47D0-A358-95F6F34788FB}.Release|Win32.Build.0 = Release|Win32
		{EC7511AF-56DE-47D0-A358-95F6F34788FB}.Release|x64.ActiveCfg = Release|x64
		{EC7511AF-56DE-47D0-A358-95F6F34788FB}.Release|x64.Build.0 = Release|x64
		{3DDA7EE1-73D6-4AD2-98BE-00B108B883DA}.Debug|Win32.ActiveCfg = Debug|Win32
		{3DDA7EE1-73D6-4AD2-98BE-00B108B883DA}.Debug|Win32.Build.0 = Debug|Win32
		{3DDA7EE1-73D6-4AD2-98BE-00B108B883DA}.Debug|x64.ActiveCfg = Debug|x64
		{3DDA7EE1-73D6-4AD2-98BE-00B108B883DA}.Debug|x64.Build.0 = Debug|x64
		{3DDA7EE1-73D6-4AD2-98BE-00B108B883DA}.Release|Win32.ActiveCfg = Release|Win32
		{3DDA7EE1-73D6-4AD2-98BE-00B108B883DA}.Release|Win32.Build.0 = Release|Win32
		{3DDA7EE1-73D6-4AD2-98BE-00B108B883DA}.Release|x64.ActiveCfg = Release|x64
		{3DDA7EE1-73D6-4AD2-98BE-00B108B883DA}.Release|x64.Build.0 = Release|x64
		{3152F5FC-1314-4AED-820D-B4C78AA1B2DC}.Debug|Win32.ActiveCfg = Debug|Win32
		{3152F5FC-1314-4AED-820D-B4C78AA1B2DC}.Debug|Win32.Build.0 = Debug|Win32
		{3152F5FC-1314-4AED-820D-B4C78AA1B2DC}.Debug|x64.ActiveCfg = Debug|x64
		{3152F5FC-1314-4AED-820D-B4C78AA1B2DC}.Debug|x64.Build.0 = Debug|x64
		{3152F5FC-1314-4AED-820D-B4C78AA1B2DC}.Release|Win32.ActiveCfg = Release|Win32
		{3152F5FC-1314-4AED-820D-B4C78AA1B2DC}.Release|Win32.Build.0 = Release|Win32
		{3152F5FC-1314-4AED-820D-B4C78AA1B2DC}.Release|x64.ActiveCfg = Release|x64
		{3152F5FC-1314-4AED-820D-B4C78AA1B2DC}.Release|x64.Build.0 = Release|x64
		{FDF0B3E3-4C4A-4D90-AA1A-3908489B74F3}.Debug|Win32.ActiveCfg = Debug|Win32
		{FDF0B3E3-4C4A-4D90-AA1A-3908489B74F3}.Debug|Win32.Build.0 = Debug|Win32
		{FDF0B3E3-4C4A-4D90-AA1A-3908489B74F3}.Debug|x64.ActiveCfg = Debug|x64
		{FDF0B3E3-4C4A-4D90-AA1A-3908489B74F3}.Debug|x64.Build.0 = Debug|x64
		{FDF0B3E3-4C4A-4D90-AA1A-3908489B74F3}.Release|Win32.ActiveCfg = Release|Win32
		{FDF0B3E3-4C4A-4D90-AA1A-3908489B74F3}.Release|Win32.Build.0 = Release|Win32
		{FDF0B3E3-4C4A-4D90-AA1A-3908489B74F3}.Release|x64.ActiveCfg = Release|x64
		{FDF0B3E3-4C4A-4D90-AA1A-3908489B74F3}.Release|x64.Build.0 = Release|x64
		{872C3FBD-35A7-42A8-9D0D-D04481F2BEF7}.Debug|Win32.ActiveCfg = Debug|Win32
		{872C3FBD-35A7-42A8-9D0D-D04481F2BEF7}.Debug|Win32.Build.0 = Debug|Win32
		{872C3FBD-35A7-42A8-9D0D-D04481F2BEF7}.Debug|x64.ActiveCfg = Debug|x64
		{872C3FBD-35A7-42A8-9D0D-D04481F2BEF7}.Debug|x64.Build.0 = Debug|x64
		{872C3FBD-35A7-42A8-9D0D-D04481F2BEF7}.Release|Win32.ActiveCfg = Release|Win32
		{872C3FBD-35A7-42A8-9D0D-D04481F2BEF7}.Release|Win32.Build.0 = Release|Win32
		{872C3FBD-35A7-42A8-9D0D-D04481F2BEF7}.Release|x64.ActiveCfg = Release|x64
		{872C3FBD-35A7-42A8-9D0D-D04481F2BEF7}.Release|x64.Build.0 = Release|x64
		{911EE9DB-A027-4D86-AB03-0A9F479C3E35}.Debug|Win32.ActiveCfg = Debug|Win32
		{911EE9DB-A027-4D86-AB03-0A9F479C3E35}.Debug|Win32.Build.0 = Debug|Win32
		{911EE9DB-A027-4D86-AB03-0A9F479C3E35}.Debug|x64.ActiveCfg = Debug|x64
		{911EE9DB-A027-4D86-AB03-0A9F479C3E35}.Debug|x64.Build.0 = Debug|x64
		{911EE9DB-A027-4D86-AB03-0A9F479C3E35}.Release|Win32.ActiveCfg = Release|Win32
		{911EE9DB-A027-4D86-AB03-0A9F479C3E35}.Release|Win32.Build.0 = Release|Win32
		{911EE9DB-A027-4D86-AB03-0A9F479C3E35}.Release|x64.ActiveCfg = Release|x64
		{911EE9DB-A027-4D86-AB03-0A9F479C3E35}.Release|x64.Build.0 = Release|x64
		{61C0E439-AEAE-4B21-AA49-66334E4676BE}.Debug|Win32.ActiveCfg = Debug|Win32
		{61C0E439-AEAE-4B21-AA49-66334E4676BE}.Debug|Win32.Build.0 = Debug|Win32
		{61C0E439-AEAE-4B21-AA49-66334E4676BE}.Debug|x64.ActiveCfg = Debug|x64
		{61C0E439-AEAE-4B21-AA49-66334E4676BE}.Debug|x64.Build.0 = Debug|x64
		{61C0E439-AEAE-4B21-AA49-66334E4676BE}.Release|Win32.ActiveCfg = Release|Win32
		{61C0E439-AEAE-4B21-AA49-66334E4676BE}.Release|Win32.Build.0 = Release|Win32
		{61C0E439-AEAE-4B21-AA49-66334E4676BE}.Release|x64.ActiveCfg = Release|x64
		{61C0E439-AEAE-4B21-AA49-66334E4676BE}.Release|x64.Build.0 = Release|x64
		{6014D879-C468-44CE-9F73-7217074876D4}.Debug|Win32.ActiveCfg = Debug|Win32
		{6014D879-C468-44CE-9F73-7217074876D4}.Debug|Win32.Build.0 = Debug|Win32
		{6014D879-C468-44CE-9F73-7217074876D4}.Debug|x64.ActiveCfg = Debug|x64
		{6014D879-C468-44CE-9F73-7217074876D4}.Debug|x64.Build.0 = Debug|x64
		{6014D879-C468-44CE-9F73-7217074876D4}.Release|Win32.ActiveCfg = Release|Win32
		{6014D879-C468-44CE-9F73-7217074876D4}.Release|Win32.Build.0 = Release|Win32
		{6014D879-C468-44CE-9F73-7217074876D4}.Release|x64.ActiveCfg = Release|x64
		{6014D879-C468-44CE-9F73-7217074876D4}.Release|x64.Build.0 = Release|x64
		{CC8045ED-DA89-40C4-9C28-13CE2086711B}.Debug|Win32.ActiveCfg = Debug|Win32
		{CC8045ED-DA89-40C4-9C28-13CE2086711B}.Debug|Win32.Build.0 = Debug|Win32
		{CC8045ED-DA89-40C4-9C28-13CE2086711B}.Debug|x64.ActiveCfg = Debug|x64
		{CC8045ED-DA89-40C4-9C28-13CE2086711B}.Debug|x64.Build.0 = Debug|x64
		{CC8045ED-DA89-40C4-9C28-13CE2086711B}.Release|Win32.ActiveCfg = Release|Win32
		{CC8045ED-DA89-40C4-9C28-13CE2086711B}.Release|Win32.Build.0 = Release|Win32
		{CC8045ED-DA89-40C4-9C28-13CE2086711B}.Release|x64.ActiveCfg = Release|x64
		{CC8045ED-DA89-40C4-9C28-13CE2086711B}.Release|x64.Build.0 = Release|x64
		{AC211807-F70B-48A2-A51E-0B0941AF39A5}.Debug|Win32.ActiveCfg = Debug|Win32
		{AC211807-F70B-48A2-A51E-0B0941AF39A5}.Debug|Win32.Build.0 = Debug|Win32
		{AC211807-F70B-48A2-A51E-0B0941AF39A5}.Debug|x64.ActiveCfg = Debug|x64
		{AC211807-F70B-48A2-A51E-0B0941AF39A5}.Debug|x64.Build.0 = Debug|x64
		{AC211807-F70B-48A2-A51E-0B0941AF39A5}.Release|Win32.ActiveCfg = Release|Win32
		{AC211807-F70B-48A2-A51E-0B0941AF39A5}.Release|Win32.Build.0 = Release|Win32
		{AC211807-F70B-48A2-A51E-0B0941AF39A5}.Release|x64.ActiveCfg = Release|x64
		{AC211807-F70B-48A2-A51E-0B0941AF39A5}.Release|x64.Build.0 = Release|x64
		{D0687F7A-663E-45BD-ABF6-AF40ACC021D5}.Debug|Win32.ActiveCfg = Debug|Win32
		{D0687F7A-663E-45BD-ABF6-AF40ACC021D5}.Debug|Win32.Build.0 = Debug|Win32
		{D0687F7A-663E-45BD-ABF6-AF40ACC021D5}.Debug|x64.ActiveCfg = Debug|x64
		{D0687F7A-663E-45BD-ABF6-AF40ACC021D5}.Debug|x64.Build.0 = Debug|x64
		{D0687F7A-663E-45BD-ABF6-AF40ACC021D5}.Release|Win32.ActiveCfg = Release|Win32
		{D0687F7A-663E-45BD-ABF6-AF40ACC021D5}.Release|Win32.Build.0 = Release|Win32
		{D0687F7A-663E-45BD-ABF6-AF40ACC021D5}.Release|x64.ActiveCfg = Release|x64
		{D0687F7A-663E-45BD-ABF6-AF40ACC021D5}.Release|x64.Build.0 = Release|x64
	EndGlobalSection
	GlobalSection(SolutionProperties) = preSolution
		HideSolutionNode = FALSE
	EndGlobalSection
	GlobalSection(NestedProjects) = preSolution
		{6E94DB45-345E-4697-98DA-6C72237D6ECA} = {5B940262-87D1-47C3-8321-6A3AAC79F9BB}
		{14A8A991-BAD6-49EB-84FB-6F6CF12B436D} = {EDDAAD80-FAEB-43DE-9DA1-7D0CCEAD47E6}
		{6FA87476-0FAB-4518-9845-12EFEBBCE03F} = {EDDAAD80-FAEB-43DE-9DA1-7D0CCEAD47E6}
		{B823D5B9-6B5A-4CC8-AF07-DDFE8C8E3488} = {57BB31FD-74E5-4B82-9B9D-4D0216517A7E}
		{9FACDB81-BE66-42D0-95F5-EA2FA3B09065} = {EDDAAD80-FAEB-43DE-9DA1-7D0CCEAD47E6}
		{437B836F-BEE5-43B8-9821-4B0E5E328575} = {57BB31FD-74E5-4B82-9B9D-4D0216517A7E}
		{7E09A25E-1C9D-438D-85DB-8535F134890D} = {EDDAAD80-FAEB-43DE-9DA1-7D0CCEAD47E6}
		{57BCB0F8-EF4A-4688-9B36-55A8F6DC93BF} = {EDDAAD80-FAEB-43DE-9DA1-7D0CCEAD47E6}
		{F9485499-151B-4886-935C-7D687C4A0549} = {EDDAAD80-FAEB-43DE-9DA1-7D0CCEAD47E6}
		{7444A72F-C7C6-4F90-9A62-2D46240B52DB} = {EDDAAD80-FAEB-43DE-9DA1-7D0CCEAD47E6}
		{B96E942E-39F5-4C7C-97FD-A095DE6847C6} = {EDDAAD80-FAEB-43DE-9DA1-7D0CCEAD47E6}
		{76B78C5A-6B31-4BA1-9226-F1409B48F839} = {EC3AA849-1A0B-4D6A-8C65-F2AD2C1CDA55}
		{0BA12B9F-BCD6-4C08-9992-69B4FB32D335} = {EDDAAD80-FAEB-43DE-9DA1-7D0CCEAD47E6}
		{CC304F9B-2629-49CE-8581-E86A5C79ED46} = {283B9BB2-B4E1-4BFC-9CDC-F3B02D1EE727}
		{814BBC63-9739-4B2C-848B-6D5696EFFB03} = {283B9BB2-B4E1-4BFC-9CDC-F3B02D1EE727}
		{2738CE2B-D7E2-42D8-9415-0BB2751AB514} = {283B9BB2-B4E1-4BFC-9CDC-F3B02D1EE727}
		{7764C152-5D81-467D-87A6-99E9A35E046F} = {283B9BB2-B4E1-4BFC-9CDC-F3B02D1EE727}
		{FF7556DF-EC6A-411A-8586-E4B508FD36F1} = {283B9BB2-B4E1-4BFC-9CDC-F3B02D1EE727}
		{E0AA7FA7-DA3D-45DD-8FC3-7E1C4E90D085} = {283B9BB2-B4E1-4BFC-9CDC-F3B02D1EE727}
		{39FE14BE-1943-443A-A6C3-83EBF968664C} = {D32595F7-DF2C-403D-8C9A-E1AD6ABCCE5C}
		{141AA852-8660-4624-B3D2-0C57CE4E9194} = {EDDAAD80-FAEB-43DE-9DA1-7D0CCEAD47E6}
		{4B94C77E-2FE8-4269-9FB5-6455E1049D94} = {EDDAAD80-FAEB-43DE-9DA1-7D0CCEAD47E6}
		{A9548E03-2812-4970-9749-E6C436E8C410} = {63F00239-370B-4AFA-B1C0-F1B4FD42961B}
		{0917D23D-A4C7-4AE1-8FE2-663E4BD94F41} = {63F00239-370B-4AFA-B1C0-F1B4FD42961B}
		{397A11AC-C039-465A-865E-BDECE3389FF2} = {63F00239-370B-4AFA-B1C0-F1B4FD42961B}
		{C97CEA8C-4E60-4830-A6EB-F6ADD12EF172} = {57BB31FD-74E5-4B82-9B9D-4D0216517A7E}
		{7FA31AB7-7D9E-4EF4-B8C0-B5D498E07EF7} = {57BB31FD-74E5-4B82-9B9D-4D0216517A7E}
		{62B67AB4-1171-4DE5-9C6C-342B959139FD} = {EC3AA849-1A0B-4D6A-8C65-F2AD2C1CDA55}
		{2167F70A-F468-43CE-8B2C-347D73845CE6} = {EDDAAD80-FAEB-43DE-9DA1-7D0CCEAD47E6}
		{BFDB2E5C-81A7-439E-BA64-599E73FE0E3F} = {5B940262-87D1-47C3-8321-6A3AAC79F9BB}
		{0D32A912-A58A-4A86-BA3E-B3CF4AE34DA2} = {63F00239-370B-4AFA-B1C0-F1B4FD42961B}
		{EC7511AF-56DE-47D0-A358-95F6F34788FB} = {63F00239-370B-4AFA-B1C0-F1B4FD42961B}
		{3DDA7EE1-73D6-4AD2-98BE-00B108B883DA} = {63F00239-370B-4AFA-B1C0-F1B4FD42961B}
		{3152F5FC-1314-4AED-820D-B4C78AA1B2DC} = {63F00239-370B-4AFA-B1C0-F1B4FD42961B}
		{FDF0B3E3-4C4A-4D90-AA1A-3908489B74F3} = {EDDAAD80-FAEB-43DE-9DA1-7D0CCEAD47E6}
		{872C3FBD-35A7-42A8-9D0D-D04481F2BEF7} = {EDDAAD80-FAEB-43DE-9DA1-7D0CCEAD47E6}
		{911EE9DB-A027-4D86-AB03-0A9F479C3E35} = {EDDAAD80-FAEB-43DE-9DA1-7D0CCEAD47E6}
		{61C0E439-AEAE-4B21-AA49-66334E4676BE} = {EDDAAD80-FAEB-43DE-9DA1-7D0CCEAD47E6}
		{6014D879-C468-44CE-9F73-7217074876D4} = {EDDAAD80-FAEB-43DE-9DA1-7D0CCEAD47E6}
		{CC8045ED-DA89-40C4-9C28-13CE2086711B} = {EDDAAD80-FAEB-43DE-9DA1-7D0CCEAD47E6}
		{AC211807-F70B-48A2-A51E-0B0941AF39A5} = {EDDAAD80-FAEB-43DE-9DA1-7D0CCEAD47E6}
		{D0687F7A-663E-45BD-ABF6-AF40ACC021D5} = {63F00239-370B-4AFA-B1C0-F1B4FD42961B}
	EndGlobalSection
	GlobalSection(ExtensibilityGlobals) = postSolution
		SolutionGuid = {F90282CC-D407-4651-919E-36A42D2A6E78}
	EndGlobalSection
EndGlobal
