<?xml version="1.0" encoding="utf-8"?>
<Project ToolsVersion="4.0" xmlns="http://schemas.microsoft.com/developer/msbuild/2003">
  <ItemGroup>
    <Filter Include="Source Files">
      <UniqueIdentifier>{4FC737F1-C7A5-4376-A066-2A32D752A2FF}</UniqueIdentifier>
      <Extensions>cpp;c;cc;cxx;c++;cppm;ixx;def;odl;idl;hpj;bat;asm;asmx</Extensions>
    </Filter>
    <Filter Include="Header Files">
      <UniqueIdentifier>{93995380-89BD-4b04-88EB-625FBE52EBFB}</UniqueIdentifier>
      <Extensions>h;hh;hpp;hxx;h++;hm;inl;inc;ipp;xsd</Extensions>
    </Filter>
    <Filter Include="Resource Files">
      <UniqueIdentifier>{67DA6AB6-F800-4c08-8B7A-83BB121AAD01}</UniqueIdentifier>
      <Extensions>rc;ico;cur;bmp;dlg;rc2;rct;bin;rgs;gif;jpg;jpeg;jpe;resx;tiff;tif;png;wav;mfcribbon-ms</Extensions>
    </Filter>
    <Filter Include="Source Files\libcpp">
      <UniqueIdentifier>{b4a237cd-0b1c-4767-a292-3f4da10c2154}</UniqueIdentifier>
    </Filter>
    <Filter Include="Source Files\win32">
      <UniqueIdentifier>{4ac79269-f50f-46ea-9607-31fa2d3c30a7}</UniqueIdentifier>
    </Filter>
    <Filter Include="Source Files\libiberty">
      <UniqueIdentifier>{d6f1c956-daab-43d8-8552-3ca1d2e05fa0}</UniqueIdentifier>
    </Filter>
    <Filter Include="Custom Build">
      <UniqueIdentifier>{89211ba4-add8-4484-875d-bdc3b412e366}</UniqueIdentifier>
    </Filter>
    <Filter Include="Header Files\libcpp_h">
      <UniqueIdentifier>{ba622be3-f153-4710-b9bc-3e05dce2e7f2}</UniqueIdentifier>
    </Filter>
    <Filter Include="Header Files\libcpp_h\include">
      <UniqueIdentifier>{c7b29ff6-19ab-4af2-8124-f97a7c684856}</UniqueIdentifier>
    </Filter>
    <Filter Include="Header Files\win32_h">
      <UniqueIdentifier>{a61e577a-c6e9-44fd-bb01-cb294ad8e9d9}</UniqueIdentifier>
    </Filter>
  </ItemGroup>
  <ItemGroup>
    <ClCompile Include="c-incpath.c">
      <Filter>Source Files</Filter>
    </ClCompile>
    <ClCompile Include="c-ppoutput.c">
      <Filter>Source Files</Filter>
    </ClCompile>
    <ClCompile Include="cppdefault.c">
      <Filter>Source Files</Filter>
    </ClCompile>
    <ClCompile Include="options.c">
      <Filter>Source Files</Filter>
    </ClCompile>
    <ClCompile Include="opts-common.c">
      <Filter>Source Files</Filter>
    </ClCompile>
    <ClCompile Include="opts.c">
      <Filter>Source Files</Filter>
    </ClCompile>
    <ClCompile Include="prefix.c">
      <Filter>Source Files</Filter>
    </ClCompile>
    <ClCompile Include="sdcpp-diagnostic.c">
      <Filter>Source Files</Filter>
    </ClCompile>
    <ClCompile Include="sdcpp-opts.c">
      <Filter>Source Files</Filter>
    </ClCompile>
    <ClCompile Include="sdcpp.c">
      <Filter>Source Files</Filter>
    </ClCompile>
    <ClCompile Include="version.c">
      <Filter>Source Files</Filter>
    </ClCompile>
    <ClCompile Include="libcpp\charset.c">
      <Filter>Source Files\libcpp</Filter>
    </ClCompile>
    <ClCompile Include="libcpp\directives.c">
      <Filter>Source Files\libcpp</Filter>
    </ClCompile>
    <ClCompile Include="libcpp\errors.c">
      <Filter>Source Files\libcpp</Filter>
    </ClCompile>
    <ClCompile Include="libcpp\expr.c">
      <Filter>Source Files\libcpp</Filter>
    </ClCompile>
    <ClCompile Include="libcpp\files.c">
      <Filter>Source Files\libcpp</Filter>
    </ClCompile>
    <ClCompile Include="libcpp\identifiers.c">
      <Filter>Source Files\libcpp</Filter>
    </ClCompile>
    <ClCompile Include="libcpp\init.c">
      <Filter>Source Files\libcpp</Filter>
    </ClCompile>
    <ClCompile Include="libcpp\lex.c">
      <Filter>Source Files\libcpp</Filter>
    </ClCompile>
    <ClCompile Include="libcpp\line-map.c">
      <Filter>Source Files\libcpp</Filter>
    </ClCompile>
    <ClCompile Include="libcpp\macro.c">
      <Filter>Source Files\libcpp</Filter>
    </ClCompile>
    <ClCompile Include="libcpp\mkdeps.c">
      <Filter>Source Files\libcpp</Filter>
    </ClCompile>
    <ClCompile Include="libcpp\symtab.c">
      <Filter>Source Files\libcpp</Filter>
    </ClCompile>
    <ClCompile Include="libcpp\traditional.c">
      <Filter>Source Files\libcpp</Filter>
    </ClCompile>
    <ClCompile Include="..\sdbinutils\libiberty\concat.c">
      <Filter>Source Files\libiberty</Filter>
    </ClCompile>
    <ClCompile Include="..\sdbinutils\libiberty\fopen_unlocked.c">
      <Filter>Source Files\libiberty</Filter>
    </ClCompile>
    <ClCompile Include="..\sdbinutils\libiberty\getpwd.c">
      <Filter>Source Files\libiberty</Filter>
    </ClCompile>
    <ClCompile Include="..\sdbinutils\libiberty\hashtab.c">
      <Filter>Source Files\libiberty</Filter>
    </ClCompile>
    <ClCompile Include="..\sdbinutils\libiberty\hex.c">
      <Filter>Source Files\libiberty</Filter>
    </ClCompile>
    <ClCompile Include="..\sdbinutils\libiberty\lbasename.c">
      <Filter>Source Files\libiberty</Filter>
    </ClCompile>
    <ClCompile Include="..\sdbinutils\libiberty\md5.c">
      <Filter>Source Files\libiberty</Filter>
    </ClCompile>
    <ClCompile Include="..\sdbinutils\libiberty\obstack.c">
      <Filter>Source Files\libiberty</Filter>
    </ClCompile>
    <ClCompile Include="..\sdbinutils\libiberty\safe-ctype.c">
      <Filter>Source Files\libiberty</Filter>
    </ClCompile>
    <ClCompile Include="..\sdbinutils\libiberty\alloca.c">
      <Filter>Source Files\libiberty</Filter>
    </ClCompile>
    <ClCompile Include="..\sdbinutils\libiberty\vasprintf.c">
      <Filter>Source Files\libiberty</Filter>
    </ClCompile>
    <ClCompile Include="..\sdbinutils\libiberty\xexit.c">
      <Filter>Source Files\libiberty</Filter>
    </ClCompile>
    <ClCompile Include="..\sdbinutils\libiberty\xmalloc.c">
      <Filter>Source Files\libiberty</Filter>
    </ClCompile>
    <ClCompile Include="..\sdbinutils\libiberty\xmemdup.c">
      <Filter>Source Files\libiberty</Filter>
    </ClCompile>
    <ClCompile Include="..\sdbinutils\libiberty\xstrdup.c">
      <Filter>Source Files\libiberty</Filter>
    </ClCompile>
    <ClCompile Include="..\sdbinutils\libiberty\xstrerror.c">
      <Filter>Source Files\libiberty</Filter>
    </ClCompile>
    <ClCompile Include="win32\dirent.c">
      <Filter>Source Files\win32</Filter>
    </ClCompile>
    <ClCompile Include="..\sdbinutils\libiberty\vprintf-support.c">
      <Filter>Source Files\libiberty</Filter>
    </ClCompile>
  </ItemGroup>
  <ItemGroup>
    <ClInclude Include="ansidecl.h">
      <Filter>Header Files</Filter>
    </ClInclude>
    <ClInclude Include="c-incpath.h">
      <Filter>Header Files</Filter>
    </ClInclude>
    <ClInclude Include="config.h">
      <Filter>Header Files</Filter>
    </ClInclude>
    <ClInclude Include="cppdefault.h">
      <Filter>Header Files</Filter>
    </ClInclude>
    <ClInclude Include="hwint.h">
      <Filter>Header Files</Filter>
    </ClInclude>
    <ClInclude Include="intl.h">
      <Filter>Header Files</Filter>
    </ClInclude>
    <ClInclude Include="..\sdbinutils\include\libiberty.h">
      <Filter>Header Files</Filter>
    </ClInclude>
    <ClInclude Include="md5.h">
      <Filter>Header Files</Filter>
    </ClInclude>
    <ClInclude Include="options.h">
      <Filter>Header Files</Filter>
    </ClInclude>
    <ClInclude Include="opts.h">
      <Filter>Header Files</Filter>
    </ClInclude>
    <ClInclude Include="output.h">
      <Filter>Header Files</Filter>
    </ClInclude>
    <ClInclude Include="prefix.h">
      <Filter>Header Files</Filter>
    </ClInclude>
    <ClInclude Include="..\sdbinutils\include\safe-ctype.h">
      <Filter>Header Files</Filter>
    </ClInclude>
    <ClInclude Include="sdcpp.h">
      <Filter>Header Files</Filter>
    </ClInclude>
    <ClInclude Include="..\sdbinutils\include\splay-tree.h">
      <Filter>Header Files</Filter>
    </ClInclude>
    <ClInclude Include="symcat.h">
      <Filter>Header Files</Filter>
    </ClInclude>
    <ClInclude Include="system.h">
      <Filter>Header Files</Filter>
    </ClInclude>
    <ClInclude Include="version.h">
      <Filter>Header Files</Filter>
    </ClInclude>
    <ClInclude Include="libcpp\internal.h">
      <Filter>Header Files\libcpp_h</Filter>
    </ClInclude>
    <ClInclude Include="libcpp\system.h">
      <Filter>Header Files\libcpp_h</Filter>
    </ClInclude>
    <ClInclude Include="libcpp\ucnid.h">
      <Filter>Header Files\libcpp_h</Filter>
    </ClInclude>
    <ClInclude Include="libcpp\include\cpp-id-data.h">
      <Filter>Header Files\libcpp_h\include</Filter>
    </ClInclude>
    <ClInclude Include="libcpp\include\cpplib.h">
      <Filter>Header Files\libcpp_h\include</Filter>
    </ClInclude>
    <ClInclude Include="libcpp\include\line-map.h">
      <Filter>Header Files\libcpp_h\include</Filter>
    </ClInclude>
    <ClInclude Include="libcpp\include\mkdeps.h">
      <Filter>Header Files\libcpp_h\include</Filter>
    </ClInclude>
    <ClInclude Include="libcpp\include\symtab.h">
      <Filter>Header Files\libcpp_h\include</Filter>
    </ClInclude>
    <ClInclude Include="win32\dirent.h">
      <Filter>Header Files\win32_h</Filter>
    </ClInclude>
    <ClInclude Include="..\sdbinutils\include\filenames.h">
      <Filter>Header Files</Filter>
    </ClInclude>
    <ClInclude Include="..\sdbinutils\include\hashtab.h">
      <Filter>Header Files</Filter>
    </ClInclude>
    <ClInclude Include="..\sdbinutils\include\obstack.h">
      <Filter>Header Files</Filter>
    </ClInclude>
    <ClInclude Include="auto-host.h">
      <Filter>Header Files\libcpp_h\include</Filter>
    </ClInclude>
  </ItemGroup>
  <ItemGroup>
    <CustomBuild Include="auto-host_vc_in.h">
      <Filter>Custom Build</Filter>
    </CustomBuild>
    <CustomBuild Include="sdcpp.opt">
      <Filter>Custom Build</Filter>
    </CustomBuild>
  </ItemGroup>
  <ItemGroup>
    <None Include="optc-gen.awk">
      <Filter>Custom Build</Filter>
    </None>
    <None Include="opt-functions.awk">
      <Filter>Custom Build</Filter>
    </None>
    <None Include="opt-gather.awk">
      <Filter>Custom Build</Filter>
    </None>
    <None Include="opth-gen.awk">
      <Filter>Custom Build</Filter>
    </None>
  </ItemGroup>
</Project>